PODS:
  - Action (4.0.0):
    - RxCocoa (~> 5.0)
    - RxSwift (~> 5.0)
  - Alamofire (4.8.2)
  - AlamofireImage (3.5.2):
    - Alamofire (~> 4.8)
  - DTMvvm (1.6.5):
    - Action
    - Alamofire
    - AlamofireImage
    - Moya
    - ObjectMapper
    - PureLayout
    - RxCocoa
    - RxSwift
  - Moya (13.0.1):
    - Moya/Core (= 13.0.1)
  - Moya/Core (13.0.1):
    - Alamofire (~> 4.1)
    - Result (~> 4.1)
  - ObjectMapper (3.5.1)
  - PureLayout (3.1.4)
  - Result (4.1.0)
  - RxCocoa (5.0.0):
    - RxRelay (~> 5)
    - RxSwift (~> 5)
  - RxRelay (5.0.0):
    - RxSwift (~> 5)
  - RxSwift (5.0.0)

DEPENDENCIES:
  - DTMvvm (from `../`)

SPEC REPOS:
  https://github.com/CocoaPods/Specs.git:
    - Action
    - Alamofire
    - AlamofireImage
    - Moya
    - ObjectMapper
    - PureLayout
    - Result
    - RxCocoa
    - RxRelay
    - RxSwift

EXTERNAL SOURCES:
  DTMvvm:
    :path: "../"

SPEC CHECKSUMS:
  Action: 0d14986aad0f1330aa27ce65d0cdeaacbb63d91c
  Alamofire: ae5c501addb7afdbb13687d7f2f722c78734c2d3
  AlamofireImage: 63cfe3baf1370be6c498149687cf6db3e3b00999
  DTMvvm: 017a125611c2d38379cf5915af10d0c67e3a317e
  Moya: f4a4b80ff2f8a4ffc208dfb31cd91636622fee6e
  ObjectMapper: 70187b8941977c62ccfb423caf6b50be405cabf0
  PureLayout: f08c01b8dec00bb14a1fefa3de4c7d9c265df85e
  Result: bd966fac789cc6c1563440b348ab2598cc24d5c7
  RxCocoa: fcf32050ac00d801f34a7f71d5e8e7f23026dcd8
  RxRelay: 4f7409406a51a55cd88483f21ed898c234d60f18
  RxSwift: 8b0671caa829a763bbce7271095859121cbd895f

PODFILE CHECKSUM: 4c9730cbf6f6da43c59e46cda18b2e02920b947d

COCOAPODS: 1.9.3
