PODS:
  - Action (4.1.0):
    - RxCocoa (~> 5.0)
    - RxSwift (~> 5.0)
  - Alamofire (5.2.2)
  - AlamofireImage (4.1.0):
    - Alamofire (~> 5.1)
  - DTMvvm (1.6.6):
    - Action
    - Alamofire
    - AlamofireImage
    - Moya
    - ObjectMapper
    - PureLayout
    - RxCocoa
    - RxSwift
  - Moya (14.0.0):
    - Moya/Core (= 14.0.0)
  - Moya/Core (14.0.0):
    - Alamofire (~> 5.0)
  - ObjectMapper (4.2.0)
  - PureLayout (3.1.6)
  - RxCocoa (5.1.1):
    - RxRelay (~> 5)
    - RxSwift (~> 5)
  - RxRelay (5.1.1):
    - RxSwift (~> 5)
  - RxSwift (5.1.1)

DEPENDENCIES:
  - DTMvvm (from `../`)

SPEC REPOS:
  trunk:
    - Action
    - Alamofire
    - AlamofireImage
    - Moya
    - ObjectMapper
    - PureLayout
    - RxCocoa
    - RxRelay
    - RxSwift

EXTERNAL SOURCES:
  DTMvvm:
    :path: "../"

SPEC CHECKSUMS:
  Action: 79e6c5dc91e13eea045ab6744b3e5609086671aa
  Alamofire: 814429acc853c6c54ff123fc3d2ef66803823ce0
  AlamofireImage: c4a2ba349885fb3064feb74d2e547bd42ce9be10
  DTMvvm: 264a8f2d900cb1420d0343108f10efc3913283a4
  Moya: 5b45dacb75adb009f97fde91c204c1e565d31916
  ObjectMapper: 1eb41f610210777375fa806bf161dc39fb832b81
  PureLayout: bd3c4ec3a3819ad387c99ebb72c6b129c3ed4d2d
  RxCocoa: 32065309a38d29b5b0db858819b5bf9ef038b601
  RxRelay: d77f7d771495f43c556cbc43eebd1bb54d01e8e9
  RxSwift: 81470a2074fa8780320ea5fe4102807cb7118178

PODFILE CHECKSUM: 78b7722b0c8c4d0b318874c498b0631897248266

COCOAPODS: 1.10.1
